
Microsoft Visual Studio Solution File, Format Version 12.00
# Visual Studio Version 17
VisualStudioVersion = 17.3.32825.248
MinimumVisualStudioVersion = 10.0.40219.1
Project("{FAE04EC0-301F-11D3-BF4B-00C04F79EFBC}") = "HelioGaming", "HelioGaming.csproj", "{DF22499B-22FC-4FA7-8DBF-91284B50DEB7}"
EndProject
Global
	GlobalSection(SolutionConfigurationPlatforms) = preSolution
		Debug|Any CPU = Debug|Any CPU
		Release|Any CPU = Release|Any CPU
	EndGlobalSection
	GlobalSection(ProjectConfigurationPlatforms) = postSolution
		{DF22499B-22FC-4FA7-8DBF-91284B50DEB7}.Debug|Any CPU.ActiveCfg = Debug|Any CPU
		{DF22499B-22FC-4FA7-8DBF-91284B50DEB7}.Debug|Any CPU.Build.0 = Debug|Any CPU
		{DF22499B-22FC-4FA7-8DBF-91284B50DEB7}.Release|Any CPU.ActiveCfg = Release|Any CPU
		{DF22499B-22FC-4FA7-8DBF-91284B50DEB7}.Release|Any CPU.Build.0 = Release|Any CPU
	EndGlobalSection
	GlobalSection(SolutionProperties) = preSolution
		HideSolutionNode = FALSE
	EndGlobalSection
	GlobalSection(ExtensibilityGlobals) = postSolution
		SolutionGuid = {EDE98AD3-B15C-42DF-AF06-777EE09382C9}
	EndGlobalSection
EndGlobal
