
Microsoft Visual Studio Solution File, Format Version 12.00
# Visual Studio Version 17
VisualStudioVersion = 17.3.32825.248
MinimumVisualStudioVersion = 10.0.40219.1
Project("{9A19103F-16F7-4668-BE54-9A1E7A4F7556}") = "HelioGaming", "HelioGaming.csproj", "{DF22499B-22FC-4FA7-8DBF-91284B50DEB7}"
EndProject
Project("{9A19103F-16F7-4668-BE54-9A1E7A4F7556}") = "HelioGamingUnit", "HelioGamingUnit\HelioGamingUnit.csproj", "{5CD7A05E-BD30-4F6F-81B8-A0C44D0DB20F}"
EndProject
Global
	GlobalSection(SolutionConfigurationPlatforms) = preSolution
		Debug|Any CPU = Debug|Any CPU
		Release|Any CPU = Release|Any CPU
	EndGlobalSection
	GlobalSection(ProjectConfigurationPlatforms) = postSolution
		{DF22499B-22FC-4FA7-8DBF-91284B50DEB7}.Debug|Any CPU.ActiveCfg = Debug|Any CPU
		{DF22499B-22FC-4FA7-8DBF-91284B50DEB7}.Debug|Any CPU.Build.0 = Debug|Any CPU
		{DF22499B-22FC-4FA7-8DBF-91284B50DEB7}.Release|Any CPU.ActiveCfg = Release|Any CPU
		{DF22499B-22FC-4FA7-8DBF-91284B50DEB7}.Release|Any CPU.Build.0 = Release|Any CPU
		{5CD7A05E-BD30-4F6F-81B8-A0C44D0DB20F}.Debug|Any CPU.ActiveCfg = Debug|Any CPU
		{5CD7A05E-BD30-4F6F-81B8-A0C44D0DB20F}.Debug|Any CPU.Build.0 = Debug|Any CPU
		{5CD7A05E-BD30-4F6F-81B8-A0C44D0DB20F}.Release|Any CPU.ActiveCfg = Release|Any CPU
		{5CD7A05E-BD30-4F6F-81B8-A0C44D0DB20F}.Release|Any CPU.Build.0 = Release|Any CPU
	EndGlobalSection
	GlobalSection(SolutionProperties) = preSolution
		HideSolutionNode = FALSE
	EndGlobalSection
	GlobalSection(ExtensibilityGlobals) = postSolution
		SolutionGuid = {EDE98AD3-B15C-42DF-AF06-777EE09382C9}
	EndGlobalSection
EndGlobal
